// !$*UTF8*$!
{
	archiveVersion = 1;
	classes = {
	};
	objectVersion = 48;
	objects = {

/* Begin PBXBuildFile section */
		DE04DCE21F7C12FE00AEC0EA /* AppDelegate.swift in Sources */ = {isa = PBXBuildFile; fileRef = DE04DCE11F7C12FE00AEC0EA /* AppDelegate.swift */; };
		DE04DCE41F7C12FE00AEC0EA /* ViewController.swift in Sources */ = {isa = PBXBuildFile; fileRef = DE04DCE31F7C12FE00AEC0EA /* ViewController.swift */; };
		DE04DCE71F7C12FE00AEC0EA /* Main.storyboard in Resources */ = {isa = PBXBuildFile; fileRef = DE04DCE51F7C12FE00AEC0EA /* Main.storyboard */; };
		DE04DCE91F7C12FE00AEC0EA /* Assets.xcassets in Resources */ = {isa = PBXBuildFile; fileRef = DE04DCE81F7C12FE00AEC0EA /* Assets.xcassets */; };
		DE04DCEC1F7C12FE00AEC0EA /* LaunchScreen.storyboard in Resources */ = {isa = PBXBuildFile; fileRef = DE04DCEA1F7C12FE00AEC0EA /* LaunchScreen.storyboard */; };
/* End PBXBuildFile section */

/* Begin PBXFileReference section */
		DE04DCDE1F7C12FE00AEC0EA /* ShowCountryOnMap.app */ = {isa = PBXFileReference; explicitFileType = wrapper.application; includeInIndex = 0; path = ShowCountryOnMap.app; sourceTree = BUILT_PRODUCTS_DIR; };
		DE04DCE11F7C12FE00AEC0EA /* AppDelegate.swift */ = {isa = PBXFileReference; lastKnownFileType = sourcecode.swift; path = AppDelegate.swift; sourceTree = "<group>"; };
		DE04DCE31F7C12FE00AEC0EA /* ViewController.swift */ = {isa = PBXFileReference; lastKnownFileType = sourcecode.swift; path = ViewController.swift; sourceTree = "<group>"; };
		DE04DCE61F7C12FE00AEC0EA /* Base */ = {isa = PBXFileReference; lastKnownFileType = file.storyboard; name = Base; path = Base.lproj/Main.storyboard; sourceTree = "<group>"; };
		DE04DCE81F7C12FE00AEC0EA /* Assets.xcassets */ = {isa = PBXFileReference; lastKnownFileType = folder.assetcatalog; path = Assets.xcassets; sourceTree = "<group>"; };
		DE04DCEB1F7C12FE00AEC0EA /* Base */ = {isa = PBXFileReference; lastKnownFileType = file.storyboard; name = Base; path = Base.lproj/LaunchScreen.storyboard; sourceTree = "<group>"; };
		DE04DCED1F7C12FE00AEC0EA /* Info.plist */ = {isa = PBXFileReference; lastKnownFileType = text.plist.xml; path = Info.plist; sourceTree = "<group>"; };
/* End PBXFileReference section */

/* Begin PBXFrameworksBuildPhase section */
		DE04DCDB1F7C12FE00AEC0EA /* Frameworks */ = {
			isa = PBXFrameworksBuildPhase;
			buildActionMask = 2147483647;
			files = (
			);
			runOnlyForDeploymentPostprocessing = 0;
		};
/* End PBXFrameworksBuildPhase section */

/* Begin PBXGroup section */
		DE04DCD51F7C12FE00AEC0EA = {
			isa = PBXGroup;
			children = (
				DE04DCE01F7C12FE00AEC0EA /* ShowCountryOnMap */,
				DE04DCDF1F7C12FE00AEC0EA /* Products */,
			);
			sourceTree = "<group>";
		};
		DE04DCDF1F7C12FE00AEC0EA /* Products */ = {
			isa = PBXGroup;
			children = (
				DE04DCDE1F7C12FE00AEC0EA /* ShowCountryOnMap.app */,
			);
			name = Products;
			sourceTree = "<group>";
		};
		DE04DCE01F7C12FE00AEC0EA /* ShowCountryOnMap */ = {
			isa = PBXGroup;
			children = (
				DE04DCE11F7C12FE00AEC0EA /* AppDelegate.swift */,
				DE04DCE31F7C12FE00AEC0EA /* ViewController.swift */,
				DE04DCE51F7C12FE00AEC0EA /* Main.storyboard */,
				DE04DCE81F7C12FE00AEC0EA /* Assets.xcassets */,
				DE04DCEA1F7C12FE00AEC0EA /* LaunchScreen.storyboard */,
				DE04DCED1F7C12FE00AEC0EA /* Info.plist */,
			);
			path = ShowCountryOnMap;
			sourceTree = "<group>";
		};
/* End PBXGroup section */

/* Begin PBXNativeTarget section */
		DE04DCDD1F7C12FE00AEC0EA /* ShowCountryOnMap */ = {
			isa = PBXNativeTarget;
			buildConfigurationList = DE04DCF01F7C12FE00AEC0EA /* Build configuration list for PBXNativeTarget "ShowCountryOnMap" */;
			buildPhases = (
				DE04DCDA1F7C12FE00AEC0EA /* Sources */,
				DE04DCDB1F7C12FE00AEC0EA /* Frameworks */,
				DE04DCDC1F7C12FE00AEC0EA /* Resources */,
			);
			buildRules = (
			);
			dependencies = (
			);
			name = ShowCountryOnMap;
			productName = ShowCountryOnMap;
			productReference = DE04DCDE1F7C12FE00AEC0EA /* ShowCountryOnMap.app */;
			productType = "com.apple.product-type.application";
		};
/* End PBXNativeTarget section */

/* Begin PBXProject section */
		DE04DCD61F7C12FE00AEC0EA /* Project object */ = {
			isa = PBXProject;
			attributes = {
				LastSwiftUpdateCheck = 0900;
				LastUpgradeCheck = 0900;
				ORGANIZATIONNAME = "Ivica Tokic";
				TargetAttributes = {
					DE04DCDD1F7C12FE00AEC0EA = {
						CreatedOnToolsVersion = 9.0;
						ProvisioningStyle = Automatic;
					};
				};
			};
			buildConfigurationList = DE04DCD91F7C12FE00AEC0EA /* Build configuration list for PBXProject "ShowCountryOnMap" */;
			compatibilityVersion = "Xcode 8.0";
			developmentRegion = en;
			hasScannedForEncodings = 0;
			knownRegions = (
				en,
				Base,
			);
			mainGroup = DE04DCD51F7C12FE00AEC0EA;
			productRefGroup = DE04DCDF1F7C12FE00AEC0EA /* Products */;
			projectDirPath = "";
			projectRoot = "";
			targets = (
				DE04DCDD1F7C12FE00AEC0EA /* ShowCountryOnMap */,
			);
		};
/* End PBXProject section */

/* Begin PBXResourcesBuildPhase section */
		DE04DCDC1F7C12FE00AEC0EA /* Resources */ = {
			isa = PBXResourcesBuildPhase;
			buildActionMask = 2147483647;
			files = (
				DE04DCEC1F7C12FE00AEC0EA /* LaunchScreen.storyboard in Resources */,
				DE04DCE91F7C12FE00AEC0EA /* Assets.xcassets in Resources */,
				DE04DCE71F7C12FE00AEC0EA /* Main.storyboard in Resources */,
			);
			runOnlyForDeploymentPostprocessing = 0;
		};
/* End PBXResourcesBuildPhase section */

/* Begin PBXSourcesBuildPhase section */
		DE04DCDA1F7C12FE00AEC0EA /* Sources */ = {
			isa = PBXSourcesBuildPhase;
			buildActionMask = 2147483647;
			files = (
				DE04DCE41F7C12FE00AEC0EA /* ViewController.swift in Sources */,
				DE04DCE21F7C12FE00AEC0EA /* AppDelegate.swift in Sources */,
			);
			runOnlyForDeploymentPostprocessing = 0;
		};
/* End PBXSourcesBuildPhase section */

/* Begin PBXVariantGroup section */
		DE04DCE51F7C12FE00AEC0EA /* Main.storyboard */ = {
			isa = PBXVariantGroup;
			children = (
				DE04DCE61F7C12FE00AEC0EA /* Base */,
			);
			name = Main.storyboard;
			sourceTree = "<group>";
		};
		DE04DCEA1F7C12FE00AEC0EA /* LaunchScreen.storyboard */ = {
			isa = PBXVariantGroup;
			children = (
				DE04DCEB1F7C12FE00AEC0EA /* Base */,
			);
			name = LaunchScreen.storyboard;
			sourceTree = "<group>";
		};
/* End PBXVariantGroup section */

/* Begin XCBuildConfiguration section */
		DE04DCEE1F7C12FE00AEC0EA /* Debug */ = {
			isa = XCBuildConfiguration;
			buildSettings = {
				ALWAYS_SEARCH_USER_PATHS = NO;
				CLANG_ANALYZER_NONNULL = YES;
				CLANG_ANALYZER_NUMBER_OBJECT_CONVERSION = YES_AGGRESSIVE;
				CLANG_CXX_LANGUAGE_STANDARD = "gnu++14";
				CLANG_CXX_LIBRARY = "libc++";
				CLANG_ENABLE_MODULES = YES;
				CLANG_ENABLE_OBJC_ARC = YES;
				CLANG_WARN_BLOCK_CAPTURE_AUTORELEASING = YES;
				CLANG_WARN_BOOL_CONVERSION = YES;
				CLANG_WARN_COMMA = YES;
				CLANG_WARN_CONSTANT_CONVERSION = YES;
				CLANG_WARN_DIRECT_OBJC_ISA_USAGE = YES_ERROR;
				CLANG_WARN_DOCUMENTATION_COMMENTS = YES;
				CLANG_WARN_EMPTY_BODY = YES;
				CLANG_WARN_ENUM_CONVERSION = YES;
				CLANG_WARN_INFINITE_RECURSION = YES;
				CLANG_WARN_INT_CONVERSION = YES;
				CLANG_WARN_NON_LITERAL_NULL_CONVERSION = YES;
				CLANG_WARN_OBJC_LITERAL_CONVERSION = YES;
				CLANG_WARN_OBJC_ROOT_CLASS = YES_ERROR;
				CLANG_WARN_RANGE_LOOP_ANALYSIS = YES;
				CLANG_WARN_STRICT_PROTOTYPES = YES;
				CLANG_WARN_SUSPICIOUS_MOVE = YES;
				CLANG_WARN_UNGUARDED_AVAILABILITY = YES_AGGRESSIVE;
				CLANG_WARN_UNREACHABLE_CODE = YES;
				CLANG_WARN__DUPLICATE_METHOD_MATCH = YES;
				CODE_SIGN_IDENTITY = "iPhone Developer";
				COPY_PHASE_STRIP = NO;
				DEBUG_INFORMATION_FORMAT = dwarf;
				ENABLE_STRICT_OBJC_MSGSEND = YES;
				ENABLE_TESTABILITY = YES;
				GCC_C_LANGUAGE_STANDARD = gnu11;
				GCC_DYNAMIC_NO_PIC = NO;
				GCC_NO_COMMON_BLOCKS = YES;
				GCC_OPTIMIZATION_LEVEL = 0;
				GCC_PREPROCESSOR_DEFINITIONS = (
					"DEBUG=1",
					"$(inherited)",
				);
				GCC_WARN_64_TO_32_BIT_CONVERSION = YES;
				GCC_WARN_ABOUT_RETURN_TYPE = YES_ERROR;
				GCC_WARN_UNDECLARED_SELECTOR = YES;
				GCC_WARN_UNINITIALIZED_AUTOS = YES_AGGRESSIVE;
				GCC_WARN_UNUSED_FUNCTION = YES;
				GCC_WARN_UNUSED_VARIABLE = YES;
				IPHONEOS_DEPLOYMENT_TARGET = 11.0;
				MTL_ENABLE_DEBUG_INFO = YES;
				ONLY_ACTIVE_ARCH = YES;
				SDKROOT = iphoneos;
				SWIFT_ACTIVE_COMPILATION_CONDITIONS = DEBUG;
				SWIFT_OPTIMIZATION_LEVEL = "-Onone";
			};
			name = Debug;
		};
		DE04DCEF1F7C12FE00AEC0EA /* Release */ = {
			isa = XCBuildConfiguration;
			buildSettings = {
				ALWAYS_SEARCH_USER_PATHS = NO;
				CLANG_ANALYZER_NONNULL = YES;
				CLANG_ANALYZER_NUMBER_OBJECT_CONVERSION = YES_AGGRESSIVE;
				CLANG_CXX_LANGUAGE_STANDARD = "gnu++14";
				CLANG_CXX_LIBRARY = "libc++";
				CLANG_ENABLE_MODULES = YES;
				CLANG_ENABLE_OBJC_ARC = YES;
				CLANG_WARN_BLOCK_CAPTURE_AUTORELEASING = YES;
				CLANG_WARN_BOOL_CONVERSION = YES;
				CLANG_WARN_COMMA = YES;
				CLANG_WARN_CONSTANT_CONVERSION = YES;
				CLANG_WARN_DIRECT_OBJC_ISA_USAGE = YES_ERROR;
				CLANG_WARN_DOCUMENTATION_COMMENTS = YES;
				CLANG_WARN_EMPTY_BODY = YES;
				CLANG_WARN_ENUM_CONVERSION = YES;
				CLANG_WARN_INFINITE_RECURSION = YES;
				CLANG_WARN_INT_CONVERSION = YES;
				CLANG_WARN_NON_LITERAL_NULL_CONVERSION = YES;
				CLANG_WARN_OBJC_LITERAL_CONVERSION = YES;
				CLANG_WARN_OBJC_ROOT_CLASS = YES_ERROR;
				CLANG_WARN_RANGE_LOOP_ANALYSIS = YES;
				CLANG_WARN_STRICT_PROTOTYPES = YES;
				CLANG_WARN_SUSPICIOUS_MOVE = YES;
				CLANG_WARN_UNGUARDED_AVAILABILITY = YES_AGGRESSIVE;
				CLANG_WARN_UNREACHABLE_CODE = YES;
				CLANG_WARN__DUPLICATE_METHOD_MATCH = YES;
				CODE_SIGN_IDENTITY = "iPhone Developer";
				COPY_PHASE_STRIP = NO;
				DEBUG_INFORMATION_FORMAT = "dwarf-with-dsym";
				ENABLE_NS_ASSERTIONS = NO;
				ENABLE_STRICT_OBJC_MSGSEND = YES;
				GCC_C_LANGUAGE_STANDARD = gnu11;
				GCC_NO_COMMON_BLOCKS = YES;
				GCC_WARN_64_TO_32_BIT_CONVERSION = YES;
				GCC_WARN_ABOUT_RETURN_TYPE = YES_ERROR;
				GCC_WARN_UNDECLARED_SELECTOR = YES;
				GCC_WARN_UNINITIALIZED_AUTOS = YES_AGGRESSIVE;
				GCC_WARN_UNUSED_FUNCTION = YES;
				GCC_WARN_UNUSED_VARIABLE = YES;
				IPHONEOS_DEPLOYMENT_TARGET = 11.0;
				MTL_ENABLE_DEBUG_INFO = NO;
				SDKROOT = iphoneos;
				SWIFT_OPTIMIZATION_LEVEL = "-Owholemodule";
				VALIDATE_PRODUCT = YES;
			};
			name = Release;
		};
		DE04DCF11F7C12FE00AEC0EA /* Debug */ = {
			isa = XCBuildConfiguration;
			buildSettings = {
				ASSETCATALOG_COMPILER_APPICON_NAME = AppIcon;
				CODE_SIGN_STYLE = Automatic;
				DEVELOPMENT_TEAM = SFNY78ZLT2;
				INFOPLIST_FILE = ShowCountryOnMap/Info.plist;
				LD_RUNPATH_SEARCH_PATHS = "$(inherited) @executable_path/Frameworks";
				PRODUCT_BUNDLE_IDENTIFIER = com.app.ShowCountryOnMap;
				PRODUCT_NAME = "$(TARGET_NAME)";
				SWIFT_VERSION = 4.0;
				TARGETED_DEVICE_FAMILY = "1,2";
			};
			name = Debug;
		};
		DE04DCF21F7C12FE00AEC0EA /* Release */ = {
			isa = XCBuildConfiguration;
			buildSettings = {
				ASSETCATALOG_COMPILER_APPICON_NAME = AppIcon;
				CODE_SIGN_STYLE = Automatic;
				DEVELOPMENT_TEAM = SFNY78ZLT2;
				INFOPLIST_FILE = ShowCountryOnMap/Info.plist;
				LD_RUNPATH_SEARCH_PATHS = "$(inherited) @executable_path/Frameworks";
				PRODUCT_BUNDLE_IDENTIFIER = com.app.ShowCountryOnMap;
				PRODUCT_NAME = "$(TARGET_NAME)";
				SWIFT_VERSION = 4.0;
				TARGETED_DEVICE_FAMILY = "1,2";
			};
			name = Release;
		};
/* End XCBuildConfiguration section */

/* Begin XCConfigurationList section */
		DE04DCD91F7C12FE00AEC0EA /* Build configuration list for PBXProject "ShowCountryOnMap" */ = {
			isa = XCConfigurationList;
			buildConfigurations = (
				DE04DCEE1F7C12FE00AEC0EA /* Debug */,
				DE04DCEF1F7C12FE00AEC0EA /* Release */,
			);
			defaultConfigurationIsVisible = 0;
			defaultConfigurationName = Release;
		};
		DE04DCF01F7C12FE00AEC0EA /* Build configuration list for PBXNativeTarget "ShowCountryOnMap" */ = {
			isa = XCConfigurationList;
			buildConfigurations = (
				DE04DCF11F7C12FE00AEC0EA /* Debug */,
				DE04DCF21F7C12FE00AEC0EA /* Release */,
			);
			defaultConfigurationIsVisible = 0;
			defaultConfigurationName = Release;
		};
/* End XCConfigurationList section */
	};
	rootObject = DE04DCD61F7C12FE00AEC0EA /* Project object */;
}
